
Microsoft Visual Studio Solution File, Format Version 12.00
Project("{FAE04EC0-301F-11D3-BF4B-00C04F79EFBC}") = "VidyaJunkie", "VidyaJunkie.csproj", "{B3F3A7A8-AE0C-4395-9474-9A8531471B08}"
EndProject
Global
	GlobalSection(SolutionConfigurationPlatforms) = preSolution
		Debug|Any CPU = Debug|Any CPU
		Release|Any CPU = Release|Any CPU
	EndGlobalSection
	GlobalSection(ProjectConfigurationPlatforms) = postSolution
		{B3F3A7A8-AE0C-4395-9474-9A8531471B08}.Debug|Any CPU.ActiveCfg = Debug|Any CPU
		{B3F3A7A8-AE0C-4395-9474-9A8531471B08}.Debug|Any CPU.Build.0 = Debug|Any CPU
		{B3F3A7A8-AE0C-4395-9474-9A8531471B08}.Release|Any CPU.ActiveCfg = Release|Any CPU
		{B3F3A7A8-AE0C-4395-9474-9A8531471B08}.Release|Any CPU.Build.0 = Release|Any CPU
	EndGlobalSection
EndGlobal
